
Microsoft Visual Studio Solution File, Format Version 12.00
# Visual Studio 15
VisualStudioVersion = 15.0.28010.2048
MinimumVisualStudioVersion = 10.0.40219.1
Project("{FAE04EC0-301F-11D3-BF4B-00C04F79EFBC}") = "CreateBinary", "CreateBinary\CreateBinary.csproj", "{735C29F5-9925-438C-B83D-9223799AA6ED}"
EndProject
Global
	GlobalSection(SolutionConfigurationPlatforms) = preSolution
		Debug|Any CPU = Debug|Any CPU
		Release|Any CPU = Release|Any CPU
	EndGlobalSection
	GlobalSection(ProjectConfigurationPlatforms) = postSolution
		{735C29F5-9925-438C-B83D-9223799AA6ED}.Debug|Any CPU.ActiveCfg = Debug|Any CPU
		{735C29F5-9925-438C-B83D-9223799AA6ED}.Debug|Any CPU.Build.0 = Debug|Any CPU
		{735C29F5-9925-438C-B83D-9223799AA6ED}.Release|Any CPU.ActiveCfg = Release|Any CPU
		{735C29F5-9925-438C-B83D-9223799AA6ED}.Release|Any CPU.Build.0 = Release|Any CPU
	EndGlobalSection
	GlobalSection(SolutionProperties) = preSolution
		HideSolutionNode = FALSE
	EndGlobalSection
	GlobalSection(ExtensibilityGlobals) = postSolution
		SolutionGuid = {1FF2727A-E826-459B-892F-C60F74524005}
	EndGlobalSection
EndGlobal
